// !$*UTF8*$!
{
	archiveVersion = 1;
	classes = {
	};
	objectVersion = 46;
	objects = {

/* Begin PBXBuildFile section */
		2AF16BD11B0E6C1C00A4759B /* AppDelegate.swift in Sources */ = {isa = PBXBuildFile; fileRef = 2AF16BD01B0E6C1C00A4759B /* AppDelegate.swift */; };
		2AF16BD31B0E6C1C00A4759B /* ViewController.swift in Sources */ = {isa = PBXBuildFile; fileRef = 2AF16BD21B0E6C1C00A4759B /* ViewController.swift */; };
		2AF16BD61B0E6C1C00A4759B /* Main.storyboard in Resources */ = {isa = PBXBuildFile; fileRef = 2AF16BD41B0E6C1C00A4759B /* Main.storyboard */; };
		2AF16BD81B0E6C1C00A4759B /* Images.xcassets in Resources */ = {isa = PBXBuildFile; fileRef = 2AF16BD71B0E6C1C00A4759B /* Images.xcassets */; };
		2AF16BDB1B0E6C1C00A4759B /* LaunchScreen.xib in Resources */ = {isa = PBXBuildFile; fileRef = 2AF16BD91B0E6C1C00A4759B /* LaunchScreen.xib */; };
		2AF16BE71B0E6C1C00A4759B /* FlashcardsTests.swift in Sources */ = {isa = PBXBuildFile; fileRef = 2AF16BE61B0E6C1C00A4759B /* FlashcardsTests.swift */; };
		F902517B1B3A0DE20092DD44 /* Deck.swift in Sources */ = {isa = PBXBuildFile; fileRef = F902517A1B3A0DE20092DD44 /* Deck.swift */; };
		F96F18811B11FEC600832E90 /* Flashcard.swift in Sources */ = {isa = PBXBuildFile; fileRef = F96F18801B11FEC600832E90 /* Flashcard.swift */; };
/* End PBXBuildFile section */

/* Begin PBXContainerItemProxy section */
		2AF16BE11B0E6C1C00A4759B /* PBXContainerItemProxy */ = {
			isa = PBXContainerItemProxy;
			containerPortal = 2AF16BC31B0E6C1C00A4759B /* Project object */;
			proxyType = 1;
			remoteGlobalIDString = 2AF16BCA1B0E6C1C00A4759B;
			remoteInfo = Flashcards;
		};
/* End PBXContainerItemProxy section */

/* Begin PBXFileReference section */
		2AF16BCB1B0E6C1C00A4759B /* Flashcards.app */ = {isa = PBXFileReference; explicitFileType = wrapper.application; includeInIndex = 0; path = Flashcards.app; sourceTree = BUILT_PRODUCTS_DIR; };
		2AF16BCF1B0E6C1C00A4759B /* Info.plist */ = {isa = PBXFileReference; lastKnownFileType = text.plist.xml; path = Info.plist; sourceTree = "<group>"; };
		2AF16BD01B0E6C1C00A4759B /* AppDelegate.swift */ = {isa = PBXFileReference; lastKnownFileType = sourcecode.swift; path = AppDelegate.swift; sourceTree = "<group>"; };
		2AF16BD21B0E6C1C00A4759B /* ViewController.swift */ = {isa = PBXFileReference; lastKnownFileType = sourcecode.swift; path = ViewController.swift; sourceTree = "<group>"; };
		2AF16BD51B0E6C1C00A4759B /* Base */ = {isa = PBXFileReference; lastKnownFileType = file.storyboard; name = Base; path = Base.lproj/Main.storyboard; sourceTree = "<group>"; };
		2AF16BD71B0E6C1C00A4759B /* Images.xcassets */ = {isa = PBXFileReference; lastKnownFileType = folder.assetcatalog; path = Images.xcassets; sourceTree = "<group>"; };
		2AF16BDA1B0E6C1C00A4759B /* Base */ = {isa = PBXFileReference; lastKnownFileType = file.xib; name = Base; path = Base.lproj/LaunchScreen.xib; sourceTree = "<group>"; };
		2AF16BE01B0E6C1C00A4759B /* FlashcardsTests.xctest */ = {isa = PBXFileReference; explicitFileType = wrapper.cfbundle; includeInIndex = 0; path = FlashcardsTests.xctest; sourceTree = BUILT_PRODUCTS_DIR; };
		2AF16BE51B0E6C1C00A4759B /* Info.plist */ = {isa = PBXFileReference; lastKnownFileType = text.plist.xml; path = Info.plist; sourceTree = "<group>"; };
		2AF16BE61B0E6C1C00A4759B /* FlashcardsTests.swift */ = {isa = PBXFileReference; lastKnownFileType = sourcecode.swift; path = FlashcardsTests.swift; sourceTree = "<group>"; };
		F902517A1B3A0DE20092DD44 /* Deck.swift */ = {isa = PBXFileReference; fileEncoding = 4; lastKnownFileType = sourcecode.swift; path = Deck.swift; sourceTree = "<group>"; };
		F96F18801B11FEC600832E90 /* Flashcard.swift */ = {isa = PBXFileReference; fileEncoding = 4; lastKnownFileType = sourcecode.swift; path = Flashcard.swift; sourceTree = "<group>"; };
/* End PBXFileReference section */

/* Begin PBXFrameworksBuildPhase section */
		2AF16BC81B0E6C1C00A4759B /* Frameworks */ = {
			isa = PBXFrameworksBuildPhase;
			buildActionMask = 2147483647;
			files = (
			);
			runOnlyForDeploymentPostprocessing = 0;
		};
		2AF16BDD1B0E6C1C00A4759B /* Frameworks */ = {
			isa = PBXFrameworksBuildPhase;
			buildActionMask = 2147483647;
			files = (
			);
			runOnlyForDeploymentPostprocessing = 0;
		};
/* End PBXFrameworksBuildPhase section */

/* Begin PBXGroup section */
		2AF16BC21B0E6C1C00A4759B = {
			isa = PBXGroup;
			children = (
				2AF16BCD1B0E6C1C00A4759B /* Flashcards */,
				2AF16BE31B0E6C1C00A4759B /* FlashcardsTests */,
				2AF16BCC1B0E6C1C00A4759B /* Products */,
			);
			sourceTree = "<group>";
		};
		2AF16BCC1B0E6C1C00A4759B /* Products */ = {
			isa = PBXGroup;
			children = (
				2AF16BCB1B0E6C1C00A4759B /* Flashcards.app */,
				2AF16BE01B0E6C1C00A4759B /* FlashcardsTests.xctest */,
			);
			name = Products;
			sourceTree = "<group>";
		};
		2AF16BCD1B0E6C1C00A4759B /* Flashcards */ = {
			isa = PBXGroup;
			children = (
				2AF16BD01B0E6C1C00A4759B /* AppDelegate.swift */,
				2AF16BD21B0E6C1C00A4759B /* ViewController.swift */,
				F96F18801B11FEC600832E90 /* Flashcard.swift */,
				F902517A1B3A0DE20092DD44 /* Deck.swift */,
				2AF16BD41B0E6C1C00A4759B /* Main.storyboard */,
				2AF16BD71B0E6C1C00A4759B /* Images.xcassets */,
				2AF16BD91B0E6C1C00A4759B /* LaunchScreen.xib */,
				2AF16BCE1B0E6C1C00A4759B /* Supporting Files */,
			);
			path = Flashcards;
			sourceTree = "<group>";
		};
		2AF16BCE1B0E6C1C00A4759B /* Supporting Files */ = {
			isa = PBXGroup;
			children = (
				2AF16BCF1B0E6C1C00A4759B /* Info.plist */,
			);
			name = "Supporting Files";
			sourceTree = "<group>";
		};
		2AF16BE31B0E6C1C00A4759B /* FlashcardsTests */ = {
			isa = PBXGroup;
			children = (
				2AF16BE61B0E6C1C00A4759B /* FlashcardsTests.swift */,
				2AF16BE41B0E6C1C00A4759B /* Supporting Files */,
			);
			path = FlashcardsTests;
			sourceTree = "<group>";
		};
		2AF16BE41B0E6C1C00A4759B /* Supporting Files */ = {
			isa = PBXGroup;
			children = (
				2AF16BE51B0E6C1C00A4759B /* Info.plist */,
			);
			name = "Supporting Files";
			sourceTree = "<group>";
		};
/* End PBXGroup section */

/* Begin PBXNativeTarget section */
		2AF16BCA1B0E6C1C00A4759B /* Flashcards */ = {
			isa = PBXNativeTarget;
			buildConfigurationList = 2AF16BEA1B0E6C1C00A4759B /* Build configuration list for PBXNativeTarget "Flashcards" */;
			buildPhases = (
				2AF16BC71B0E6C1C00A4759B /* Sources */,
				2AF16BC81B0E6C1C00A4759B /* Frameworks */,
				2AF16BC91B0E6C1C00A4759B /* Resources */,
			);
			buildRules = (
			);
			dependencies = (
			);
			name = Flashcards;
			productName = Flashcards;
			productReference = 2AF16BCB1B0E6C1C00A4759B /* Flashcards.app */;
			productType = "com.apple.product-type.application";
		};
		2AF16BDF1B0E6C1C00A4759B /* FlashcardsTests */ = {
			isa = PBXNativeTarget;
			buildConfigurationList = 2AF16BED1B0E6C1C00A4759B /* Build configuration list for PBXNativeTarget "FlashcardsTests" */;
			buildPhases = (
				2AF16BDC1B0E6C1C00A4759B /* Sources */,
				2AF16BDD1B0E6C1C00A4759B /* Frameworks */,
				2AF16BDE1B0E6C1C00A4759B /* Resources */,
			);
			buildRules = (
			);
			dependencies = (
				2AF16BE21B0E6C1C00A4759B /* PBXTargetDependency */,
			);
			name = FlashcardsTests;
			productName = FlashcardsTests;
			productReference = 2AF16BE01B0E6C1C00A4759B /* FlashcardsTests.xctest */;
			productType = "com.apple.product-type.bundle.unit-test";
		};
/* End PBXNativeTarget section */

/* Begin PBXProject section */
		2AF16BC31B0E6C1C00A4759B /* Project object */ = {
			isa = PBXProject;
			attributes = {
				LastSwiftMigration = 0710;
				LastUpgradeCheck = 0710;
				ORGANIZATIONNAME = "Your School";
				TargetAttributes = {
					2AF16BCA1B0E6C1C00A4759B = {
						CreatedOnToolsVersion = 6.3.1;
					};
					2AF16BDF1B0E6C1C00A4759B = {
						CreatedOnToolsVersion = 6.3.1;
						TestTargetID = 2AF16BCA1B0E6C1C00A4759B;
					};
				};
			};
			buildConfigurationList = 2AF16BC61B0E6C1C00A4759B /* Build configuration list for PBXProject "Flashcards" */;
			compatibilityVersion = "Xcode 3.2";
			developmentRegion = English;
			hasScannedForEncodings = 0;
			knownRegions = (
				en,
				Base,
			);
			mainGroup = 2AF16BC21B0E6C1C00A4759B;
			productRefGroup = 2AF16BCC1B0E6C1C00A4759B /* Products */;
			projectDirPath = "";
			projectRoot = "";
			targets = (
				2AF16BCA1B0E6C1C00A4759B /* Flashcards */,
				2AF16BDF1B0E6C1C00A4759B /* FlashcardsTests */,
			);
		};
/* End PBXProject section */

/* Begin PBXResourcesBuildPhase section */
		2AF16BC91B0E6C1C00A4759B /* Resources */ = {
			isa = PBXResourcesBuildPhase;
			buildActionMask = 2147483647;
			files = (
				2AF16BD61B0E6C1C00A4759B /* Main.storyboard in Resources */,
				2AF16BDB1B0E6C1C00A4759B /* LaunchScreen.xib in Resources */,
				2AF16BD81B0E6C1C00A4759B /* Images.xcassets in Resources */,
			);
			runOnlyForDeploymentPostprocessing = 0;
		};
		2AF16BDE1B0E6C1C00A4759B /* Resources */ = {
			isa = PBXResourcesBuildPhase;
			buildActionMask = 2147483647;
			files = (
			);
			runOnlyForDeploymentPostprocessing = 0;
		};
/* End PBXResourcesBuildPhase section */

/* Begin PBXSourcesBuildPhase section */
		2AF16BC71B0E6C1C00A4759B /* Sources */ = {
			isa = PBXSourcesBuildPhase;
			buildActionMask = 2147483647;
			files = (
				F902517B1B3A0DE20092DD44 /* Deck.swift in Sources */,
				F96F18811B11FEC600832E90 /* Flashcard.swift in Sources */,
				2AF16BD31B0E6C1C00A4759B /* ViewController.swift in Sources */,
				2AF16BD11B0E6C1C00A4759B /* AppDelegate.swift in Sources */,
			);
			runOnlyForDeploymentPostprocessing = 0;
		};
		2AF16BDC1B0E6C1C00A4759B /* Sources */ = {
			isa = PBXSourcesBuildPhase;
			buildActionMask = 2147483647;
			files = (
				2AF16BE71B0E6C1C00A4759B /* FlashcardsTests.swift in Sources */,
			);
			runOnlyForDeploymentPostprocessing = 0;
		};
/* End PBXSourcesBuildPhase section */

/* Begin PBXTargetDependency section */
		2AF16BE21B0E6C1C00A4759B /* PBXTargetDependency */ = {
			isa = PBXTargetDependency;
			target = 2AF16BCA1B0E6C1C00A4759B /* Flashcards */;
			targetProxy = 2AF16BE11B0E6C1C00A4759B /* PBXContainerItemProxy */;
		};
/* End PBXTargetDependency section */

/* Begin PBXVariantGroup section */
		2AF16BD41B0E6C1C00A4759B /* Main.storyboard */ = {
			isa = PBXVariantGroup;
			children = (
				2AF16BD51B0E6C1C00A4759B /* Base */,
			);
			name = Main.storyboard;
			sourceTree = "<group>";
		};
		2AF16BD91B0E6C1C00A4759B /* LaunchScreen.xib */ = {
			isa = PBXVariantGroup;
			children = (
				2AF16BDA1B0E6C1C00A4759B /* Base */,
			);
			name = LaunchScreen.xib;
			sourceTree = "<group>";
		};
/* End PBXVariantGroup section */

/* Begin XCBuildConfiguration section */
		2AF16BE81B0E6C1C00A4759B /* Debug */ = {
			isa = XCBuildConfiguration;
			buildSettings = {
				ALWAYS_SEARCH_USER_PATHS = NO;
				CLANG_CXX_LANGUAGE_STANDARD = "gnu++0x";
				CLANG_CXX_LIBRARY = "libc++";
				CLANG_ENABLE_MODULES = YES;
				CLANG_ENABLE_OBJC_ARC = YES;
				CLANG_WARN_BOOL_CONVERSION = YES;
				CLANG_WARN_CONSTANT_CONVERSION = YES;
				CLANG_WARN_DIRECT_OBJC_ISA_USAGE = YES_ERROR;
				CLANG_WARN_EMPTY_BODY = YES;
				CLANG_WARN_ENUM_CONVERSION = YES;
				CLANG_WARN_INT_CONVERSION = YES;
				CLANG_WARN_OBJC_ROOT_CLASS = YES_ERROR;
				CLANG_WARN_UNREACHABLE_CODE = YES;
				CLANG_WARN__DUPLICATE_METHOD_MATCH = YES;
				"CODE_SIGN_IDENTITY[sdk=iphoneos*]" = "iPhone Developer";
				COPY_PHASE_STRIP = NO;
				DEBUG_INFORMATION_FORMAT = "dwarf-with-dsym";
				ENABLE_STRICT_OBJC_MSGSEND = YES;
				ENABLE_TESTABILITY = YES;
				GCC_C_LANGUAGE_STANDARD = gnu99;
				GCC_DYNAMIC_NO_PIC = NO;
				GCC_NO_COMMON_BLOCKS = YES;
				GCC_OPTIMIZATION_LEVEL = 0;
				GCC_PREPROCESSOR_DEFINITIONS = (
					"DEBUG=1",
					"$(inherited)",
				);
				GCC_SYMBOLS_PRIVATE_EXTERN = NO;
				GCC_WARN_64_TO_32_BIT_CONVERSION = YES;
				GCC_WARN_ABOUT_RETURN_TYPE = YES_ERROR;
				GCC_WARN_UNDECLARED_SELECTOR = YES;
				GCC_WARN_UNINITIALIZED_AUTOS = YES_AGGRESSIVE;
				GCC_WARN_UNUSED_FUNCTION = YES;
				GCC_WARN_UNUSED_VARIABLE = YES;
				IPHONEOS_DEPLOYMENT_TARGET = 8.3;
				MTL_ENABLE_DEBUG_INFO = YES;
				ONLY_ACTIVE_ARCH = YES;
				SDKROOT = iphoneos;
				SWIFT_OPTIMIZATION_LEVEL = "-Onone";
				TARGETED_DEVICE_FAMILY = "1,2";
			};
			name = Debug;
		};
		2AF16BE91B0E6C1C00A4759B /* Release */ = {
			isa = XCBuildConfiguration;
			buildSettings = {
				ALWAYS_SEARCH_USER_PATHS = NO;
				CLANG_CXX_LANGUAGE_STANDARD = "gnu++0x";
				CLANG_CXX_LIBRARY = "libc++";
				CLANG_ENABLE_MODULES = YES;
				CLANG_ENABLE_OBJC_ARC = YES;
				CLANG_WARN_BOOL_CONVERSION = YES;
				CLANG_WARN_CONSTANT_CONVERSION = YES;
				CLANG_WARN_DIRECT_OBJC_ISA_USAGE = YES_ERROR;
				CLANG_WARN_EMPTY_BODY = YES;
				CLANG_WARN_ENUM_CONVERSION = YES;
				CLANG_WARN_INT_CONVERSION = YES;
				CLANG_WARN_OBJC_ROOT_CLASS = YES_ERROR;
				CLANG_WARN_UNREACHABLE_CODE = YES;
				CLANG_WARN__DUPLICATE_METHOD_MATCH = YES;
				"CODE_SIGN_IDENTITY[sdk=iphoneos*]" = "iPhone Developer";
				COPY_PHASE_STRIP = NO;
				DEBUG_INFORMATION_FORMAT = "dwarf-with-dsym";
				ENABLE_NS_ASSERTIONS = NO;
				ENABLE_STRICT_OBJC_MSGSEND = YES;
				GCC_C_LANGUAGE_STANDARD = gnu99;
				GCC_NO_COMMON_BLOCKS = YES;
				GCC_WARN_64_TO_32_BIT_CONVERSION = YES;
				GCC_WARN_ABOUT_RETURN_TYPE = YES_ERROR;
				GCC_WARN_UNDECLARED_SELECTOR = YES;
				GCC_WARN_UNINITIALIZED_AUTOS = YES_AGGRESSIVE;
				GCC_WARN_UNUSED_FUNCTION = YES;
				GCC_WARN_UNUSED_VARIABLE = YES;
				IPHONEOS_DEPLOYMENT_TARGET = 8.3;
				MTL_ENABLE_DEBUG_INFO = NO;
				SDKROOT = iphoneos;
				TARGETED_DEVICE_FAMILY = "1,2";
				VALIDATE_PRODUCT = YES;
			};
			name = Release;
		};
		2AF16BEB1B0E6C1C00A4759B /* Debug */ = {
			isa = XCBuildConfiguration;
			buildSettings = {
				ASSETCATALOG_COMPILER_APPICON_NAME = AppIcon;
				INFOPLIST_FILE = Flashcards/Info.plist;
				LD_RUNPATH_SEARCH_PATHS = "$(inherited) @executable_path/Frameworks";
				PRODUCT_BUNDLE_IDENTIFIER = "edu.yourschool.$(PRODUCT_NAME:rfc1034identifier)";
				PRODUCT_NAME = "$(TARGET_NAME)";
			};
			name = Debug;
		};
		2AF16BEC1B0E6C1C00A4759B /* Release */ = {
			isa = XCBuildConfiguration;
			buildSettings = {
				ASSETCATALOG_COMPILER_APPICON_NAME = AppIcon;
				INFOPLIST_FILE = Flashcards/Info.plist;
				LD_RUNPATH_SEARCH_PATHS = "$(inherited) @executable_path/Frameworks";
				PRODUCT_BUNDLE_IDENTIFIER = "edu.yourschool.$(PRODUCT_NAME:rfc1034identifier)";
				PRODUCT_NAME = "$(TARGET_NAME)";
			};
			name = Release;
		};
		2AF16BEE1B0E6C1C00A4759B /* Debug */ = {
			isa = XCBuildConfiguration;
			buildSettings = {
				BUNDLE_LOADER = "$(TEST_HOST)";
				FRAMEWORK_SEARCH_PATHS = (
					"$(SDKROOT)/Developer/Library/Frameworks",
					"$(inherited)",
				);
				GCC_PREPROCESSOR_DEFINITIONS = (
					"DEBUG=1",
					"$(inherited)",
				);
				INFOPLIST_FILE = FlashcardsTests/Info.plist;
				LD_RUNPATH_SEARCH_PATHS = "$(inherited) @executable_path/Frameworks @loader_path/Frameworks";
				PRODUCT_BUNDLE_IDENTIFIER = "edu.yourschool.$(PRODUCT_NAME:rfc1034identifier)";
				PRODUCT_NAME = "$(TARGET_NAME)";
				TEST_HOST = "$(BUILT_PRODUCTS_DIR)/Flashcards.app/Flashcards";
			};
			name = Debug;
		};
		2AF16BEF1B0E6C1C00A4759B /* Release */ = {
			isa = XCBuildConfiguration;
			buildSettings = {
				BUNDLE_LOADER = "$(TEST_HOST)";
				FRAMEWORK_SEARCH_PATHS = (
					"$(SDKROOT)/Developer/Library/Frameworks",
					"$(inherited)",
				);
				INFOPLIST_FILE = FlashcardsTests/Info.plist;
				LD_RUNPATH_SEARCH_PATHS = "$(inherited) @executable_path/Frameworks @loader_path/Frameworks";
				PRODUCT_BUNDLE_IDENTIFIER = "edu.yourschool.$(PRODUCT_NAME:rfc1034identifier)";
				PRODUCT_NAME = "$(TARGET_NAME)";
				TEST_HOST = "$(BUILT_PRODUCTS_DIR)/Flashcards.app/Flashcards";
			};
			name = Release;
		};
/* End XCBuildConfiguration section */

/* Begin XCConfigurationList section */
		2AF16BC61B0E6C1C00A4759B /* Build configuration list for PBXProject "Flashcards" */ = {
			isa = XCConfigurationList;
			buildConfigurations = (
				2AF16BE81B0E6C1C00A4759B /* Debug */,
				2AF16BE91B0E6C1C00A4759B /* Release */,
			);
			defaultConfigurationIsVisible = 0;
			defaultConfigurationName = Release;
		};
		2AF16BEA1B0E6C1C00A4759B /* Build configuration list for PBXNativeTarget "Flashcards" */ = {
			isa = XCConfigurationList;
			buildConfigurations = (
				2AF16BEB1B0E6C1C00A4759B /* Debug */,
				2AF16BEC1B0E6C1C00A4759B /* Release */,
			);
			defaultConfigurationIsVisible = 0;
			defaultConfigurationName = Release;
		};
		2AF16BED1B0E6C1C00A4759B /* Build configuration list for PBXNativeTarget "FlashcardsTests" */ = {
			isa = XCConfigurationList;
			buildConfigurations = (
				2AF16BEE1B0E6C1C00A4759B /* Debug */,
				2AF16BEF1B0E6C1C00A4759B /* Release */,
			);
			defaultConfigurationIsVisible = 0;
			defaultConfigurationName = Release;
		};
/* End XCConfigurationList section */
	};
	rootObject = 2AF16BC31B0E6C1C00A4759B /* Project object */;
}
